
Microsoft Visual Studio Solution File, Format Version 12.00
# Visual Studio Version 17
VisualStudioVersion = 17.11.35327.3
MinimumVisualStudioVersion = 10.0.40219.1
Project("{FAE04EC0-301F-11D3-BF4B-00C04F79EFBC}") = "HMS.WebAPI", "HMS.WebAPI\HMS.WebAPI.csproj", "{F4ADA9EF-93EB-4E85-98B4-50848EA9FD9C}"
EndProject
Project("{2150E333-8FDC-42A3-9474-1A3956D46DE8}") = "Services", "Services", "{52C472A5-DBA6-4A62-8EC2-EC6F94481E4B}"
EndProject
Project("{2150E333-8FDC-42A3-9474-1A3956D46DE8}") = "Auth", "Auth", "{143631AF-7589-444F-84FA-BE2BA81765A6}"
EndProject
Project("{2150E333-8FDC-42A3-9474-1A3956D46DE8}") = "Hotel", "Hotel", "{C8036571-5335-4853-8D03-3F2F1F26B34D}"
EndProject
Project("{2150E333-8FDC-42A3-9474-1A3956D46DE8}") = "Room", "Room", "{826D2F8D-A557-4D25-B04C-2C8E37BFEE73}"
EndProject
Project("{2150E333-8FDC-42A3-9474-1A3956D46DE8}") = "BillBooking", "BillBooking", "{5D84E7D5-D8F8-4919-B026-C333AA699EDF}"
EndProject
Project("{2150E333-8FDC-42A3-9474-1A3956D46DE8}") = "Notification", "Notification", "{25297A87-4EC6-482A-974A-DAF06CDBE23E}"
EndProject
Project("{2150E333-8FDC-42A3-9474-1A3956D46DE8}") = "Promotion", "Promotion", "{14283E88-0ECD-41A0-B5F3-3C931B2CA7B8}"
EndProject
Project("{2150E333-8FDC-42A3-9474-1A3956D46DE8}") = "Shared", "Shared", "{C8C5A840-1305-4734-94F5-E4BDDF5AB312}"
EndProject
Project("{FAE04EC0-301F-11D3-BF4B-00C04F79EFBC}") = "HMS.Auth.ApplicationService", "Services\Auth\HMS.Auth.ApplicationService\HMS.Auth.ApplicationService.csproj", "{E01512AB-212E-4B6E-9DDB-1AAAC1F81CD3}"
EndProject
Project("{FAE04EC0-301F-11D3-BF4B-00C04F79EFBC}") = "HMS.Auth.Domain", "Services\Auth\HMS.Auth.Domain\HMS.Auth.Domain.csproj", "{A03C7D96-E16F-4115-BC97-550C264ACB45}"
EndProject
Project("{FAE04EC0-301F-11D3-BF4B-00C04F79EFBC}") = "HMS.Auth.Dtos", "Services\Auth\HMS.Auth.Dtos\HMS.Auth.Dtos.csproj", "{A6E38944-50A1-4EE5-85F4-39668D631915}"
EndProject
Project("{FAE04EC0-301F-11D3-BF4B-00C04F79EFBC}") = "HMS.Auth.Infrastructures", "Services\Auth\HMS.Auth.Infrastructures\HMS.Auth.Infrastructures.csproj", "{C6146264-3930-4486-86F5-0FD94F942959}"
EndProject
Project("{FAE04EC0-301F-11D3-BF4B-00C04F79EFBC}") = "HMS.Shared.Constant", "Services\Shared\HMS.Shared.Constant\HMS.Shared.Constant.csproj", "{62E6C64F-C0BF-4B6D-8834-036D3AC4BC5D}"
EndProject
Project("{FAE04EC0-301F-11D3-BF4B-00C04F79EFBC}") = "HMS.Shared.ApplicationService", "Services\Shared\HMS.Shared.ApplicationService\HMS.Shared.ApplicationService.csproj", "{E9629465-2245-4EBB-B6BF-3CA2A4D6B872}"
EndProject
Project("{FAE04EC0-301F-11D3-BF4B-00C04F79EFBC}") = "HMS.Bill.ApplicationService", "Services\BillBooking\HMS.Bill.ApplicationService\HMS.Bill.ApplicationService.csproj", "{CE36FC6A-706F-4BD3-ABAE-FA1B9BE5A833}"
EndProject
Project("{FAE04EC0-301F-11D3-BF4B-00C04F79EFBC}") = "HMS.Bill.Domain", "Services\BillBooking\HMS.Bill.Domain\HMS.Bill.Domain.csproj", "{5A474E8C-E895-4A29-A167-CFFA9B0B444B}"
EndProject
Project("{FAE04EC0-301F-11D3-BF4B-00C04F79EFBC}") = "HMS.Bill.Dtos", "Services\BillBooking\HMS.Bill.Dtos\HMS.Bill.Dtos.csproj", "{CCEFB8BB-16C4-4120-B19F-3DDA98E3796B}"
EndProject
Project("{FAE04EC0-301F-11D3-BF4B-00C04F79EFBC}") = "HMS.Bill.Infrastructures", "Services\BillBooking\HMS.Bill.Infrastructures\HMS.Bill.Infrastructures.csproj", "{6BC245C1-2F83-4AA9-A845-FFB5678E07B5}"
EndProject
Project("{FAE04EC0-301F-11D3-BF4B-00C04F79EFBC}") = "HMS.Noti.Infrastructures", "Services\Notification\HMS.Noti.Infrastructures\HMS.Noti.Infrastructures.csproj", "{447385D5-08C4-415D-AB51-6253407DFDE1}"
EndProject
Project("{FAE04EC0-301F-11D3-BF4B-00C04F79EFBC}") = "HMS.Hol.Infrastructures", "Services\Hotel\HMS.Hol.Infrastructures\HMS.Hol.Infrastructures.csproj", "{78F8D956-6D05-403E-B339-74764A4EA599}"
EndProject
Project("{FAE04EC0-301F-11D3-BF4B-00C04F79EFBC}") = "HMS.Promo.Infrastructures", "Services\Promotion\HMS.Promo.Infrastructures\HMS.Promo.Infrastructures.csproj", "{391F4084-BD8C-41FA-8C6A-0F3D7757BE31}"
EndProject
Project("{FAE04EC0-301F-11D3-BF4B-00C04F79EFBC}") = "HMS.Room.Infrastructures", "Services\Room\HMS.Room.Infrastructures\HMS.Room.Infrastructures.csproj", "{06CD8721-5620-4540-B737-0E620C4A2371}"
EndProject
Project("{FAE04EC0-301F-11D3-BF4B-00C04F79EFBC}") = "HMS.Hol.ApplicationService", "Services\Hotel\HMS.Hol.ApplicationService\HMS.Hol.ApplicationService.csproj", "{F2EACDA5-75C0-4020-BFF0-EDE6A0021577}"
EndProject
Project("{FAE04EC0-301F-11D3-BF4B-00C04F79EFBC}") = "HMS.Hol.Domain", "Services\Hotel\HMS.Hol.Domain\HMS.Hol.Domain.csproj", "{92082FBD-4A47-4221-BFA0-DB7ABD98B4D5}"
EndProject
Project("{FAE04EC0-301F-11D3-BF4B-00C04F79EFBC}") = "HMS.Hol.Dtos", "Services\Hotel\HMS.Hol.Dtos\HMS.Hol.Dtos.csproj", "{D26B9264-EB48-4F07-935A-7A2F51F3EA56}"
EndProject
Project("{FAE04EC0-301F-11D3-BF4B-00C04F79EFBC}") = "HMS.Noti.ApplicationService", "Services\Notification\HMS.Noti.ApplicationService\HMS.Noti.ApplicationService.csproj", "{FEEC484E-2F58-4662-9ACA-4F2972FCE55B}"
EndProject
Project("{FAE04EC0-301F-11D3-BF4B-00C04F79EFBC}") = "HMS.Noti.Domain", "Services\Notification\HMS.Noti.Domain\HMS.Noti.Domain.csproj", "{078EF613-68AC-453F-AD68-1C7BEFF8CAB3}"
EndProject
Project("{FAE04EC0-301F-11D3-BF4B-00C04F79EFBC}") = "HMS.Noti.Dtos", "Services\Notification\HMS.Noti.Dtos\HMS.Noti.Dtos.csproj", "{6E28F30C-D126-49E8-9384-D2F8987E30AA}"
EndProject
Project("{FAE04EC0-301F-11D3-BF4B-00C04F79EFBC}") = "HMS.Promo.ApplicationService", "Services\Promotion\HMS.Promo.ApplicationService\HMS.Promo.ApplicationService.csproj", "{6DECB59E-FC1D-4950-835E-B5FB4171933D}"
EndProject
Project("{FAE04EC0-301F-11D3-BF4B-00C04F79EFBC}") = "HMS.Promo.Domain", "Services\Promotion\HMS.Promo.Domain\HMS.Promo.Domain.csproj", "{6C8B2BF7-75A2-4837-9E2A-2F4FD976BCE7}"
EndProject
Project("{FAE04EC0-301F-11D3-BF4B-00C04F79EFBC}") = "HMS.Promo.Dtos", "Services\Promotion\HMS.Promo.Dtos\HMS.Promo.Dtos.csproj", "{970585A4-0271-4E20-BE8E-6F803A40D9F5}"
EndProject
Project("{FAE04EC0-301F-11D3-BF4B-00C04F79EFBC}") = "HMS.Room.ApplicationService", "Services\Room\HMS.Room.ApplicationService\HMS.Room.ApplicationService.csproj", "{15C3F431-6DB9-468F-923B-B828E4856806}"
EndProject
Project("{FAE04EC0-301F-11D3-BF4B-00C04F79EFBC}") = "HMS.Room.Domain", "Services\Room\HMS.Room.Domain\HMS.Room.Domain.csproj", "{43E80708-7848-4FF8-B57C-0425C21C046B}"
EndProject
Project("{FAE04EC0-301F-11D3-BF4B-00C04F79EFBC}") = "HMS.Room.Dtos", "Services\Room\HMS.Room.Dtos\HMS.Room.Dtos.csproj", "{F6493B68-1078-4BE9-BA44-53A4ECDA856F}"
EndProject
Global
	GlobalSection(SolutionConfigurationPlatforms) = preSolution
		Debug|Any CPU = Debug|Any CPU
		Release|Any CPU = Release|Any CPU
	EndGlobalSection
	GlobalSection(ProjectConfigurationPlatforms) = postSolution
		{F4ADA9EF-93EB-4E85-98B4-50848EA9FD9C}.Debug|Any CPU.ActiveCfg = Debug|Any CPU
		{F4ADA9EF-93EB-4E85-98B4-50848EA9FD9C}.Debug|Any CPU.Build.0 = Debug|Any CPU
		{F4ADA9EF-93EB-4E85-98B4-50848EA9FD9C}.Release|Any CPU.ActiveCfg = Release|Any CPU
		{F4ADA9EF-93EB-4E85-98B4-50848EA9FD9C}.Release|Any CPU.Build.0 = Release|Any CPU
		{E01512AB-212E-4B6E-9DDB-1AAAC1F81CD3}.Debug|Any CPU.ActiveCfg = Debug|Any CPU
		{E01512AB-212E-4B6E-9DDB-1AAAC1F81CD3}.Debug|Any CPU.Build.0 = Debug|Any CPU
		{E01512AB-212E-4B6E-9DDB-1AAAC1F81CD3}.Release|Any CPU.ActiveCfg = Release|Any CPU
		{E01512AB-212E-4B6E-9DDB-1AAAC1F81CD3}.Release|Any CPU.Build.0 = Release|Any CPU
		{A03C7D96-E16F-4115-BC97-550C264ACB45}.Debug|Any CPU.ActiveCfg = Debug|Any CPU
		{A03C7D96-E16F-4115-BC97-550C264ACB45}.Debug|Any CPU.Build.0 = Debug|Any CPU
		{A03C7D96-E16F-4115-BC97-550C264ACB45}.Release|Any CPU.ActiveCfg = Release|Any CPU
		{A03C7D96-E16F-4115-BC97-550C264ACB45}.Release|Any CPU.Build.0 = Release|Any CPU
		{A6E38944-50A1-4EE5-85F4-39668D631915}.Debug|Any CPU.ActiveCfg = Debug|Any CPU
		{A6E38944-50A1-4EE5-85F4-39668D631915}.Debug|Any CPU.Build.0 = Debug|Any CPU
		{A6E38944-50A1-4EE5-85F4-39668D631915}.Release|Any CPU.ActiveCfg = Release|Any CPU
		{A6E38944-50A1-4EE5-85F4-39668D631915}.Release|Any CPU.Build.0 = Release|Any CPU
		{C6146264-3930-4486-86F5-0FD94F942959}.Debug|Any CPU.ActiveCfg = Debug|Any CPU
		{C6146264-3930-4486-86F5-0FD94F942959}.Debug|Any CPU.Build.0 = Debug|Any CPU
		{C6146264-3930-4486-86F5-0FD94F942959}.Release|Any CPU.ActiveCfg = Release|Any CPU
		{C6146264-3930-4486-86F5-0FD94F942959}.Release|Any CPU.Build.0 = Release|Any CPU
		{62E6C64F-C0BF-4B6D-8834-036D3AC4BC5D}.Debug|Any CPU.ActiveCfg = Debug|Any CPU
		{62E6C64F-C0BF-4B6D-8834-036D3AC4BC5D}.Debug|Any CPU.Build.0 = Debug|Any CPU
		{62E6C64F-C0BF-4B6D-8834-036D3AC4BC5D}.Release|Any CPU.ActiveCfg = Release|Any CPU
		{62E6C64F-C0BF-4B6D-8834-036D3AC4BC5D}.Release|Any CPU.Build.0 = Release|Any CPU
		{E9629465-2245-4EBB-B6BF-3CA2A4D6B872}.Debug|Any CPU.ActiveCfg = Debug|Any CPU
		{E9629465-2245-4EBB-B6BF-3CA2A4D6B872}.Debug|Any CPU.Build.0 = Debug|Any CPU
		{E9629465-2245-4EBB-B6BF-3CA2A4D6B872}.Release|Any CPU.ActiveCfg = Release|Any CPU
		{E9629465-2245-4EBB-B6BF-3CA2A4D6B872}.Release|Any CPU.Build.0 = Release|Any CPU
		{CE36FC6A-706F-4BD3-ABAE-FA1B9BE5A833}.Debug|Any CPU.ActiveCfg = Debug|Any CPU
		{CE36FC6A-706F-4BD3-ABAE-FA1B9BE5A833}.Debug|Any CPU.Build.0 = Debug|Any CPU
		{CE36FC6A-706F-4BD3-ABAE-FA1B9BE5A833}.Release|Any CPU.ActiveCfg = Release|Any CPU
		{CE36FC6A-706F-4BD3-ABAE-FA1B9BE5A833}.Release|Any CPU.Build.0 = Release|Any CPU
		{5A474E8C-E895-4A29-A167-CFFA9B0B444B}.Debug|Any CPU.ActiveCfg = Debug|Any CPU
		{5A474E8C-E895-4A29-A167-CFFA9B0B444B}.Debug|Any CPU.Build.0 = Debug|Any CPU
		{5A474E8C-E895-4A29-A167-CFFA9B0B444B}.Release|Any CPU.ActiveCfg = Release|Any CPU
		{5A474E8C-E895-4A29-A167-CFFA9B0B444B}.Release|Any CPU.Build.0 = Release|Any CPU
		{CCEFB8BB-16C4-4120-B19F-3DDA98E3796B}.Debug|Any CPU.ActiveCfg = Debug|Any CPU
		{CCEFB8BB-16C4-4120-B19F-3DDA98E3796B}.Debug|Any CPU.Build.0 = Debug|Any CPU
		{CCEFB8BB-16C4-4120-B19F-3DDA98E3796B}.Release|Any CPU.ActiveCfg = Release|Any CPU
		{CCEFB8BB-16C4-4120-B19F-3DDA98E3796B}.Release|Any CPU.Build.0 = Release|Any CPU
		{6BC245C1-2F83-4AA9-A845-FFB5678E07B5}.Debug|Any CPU.ActiveCfg = Debug|Any CPU
		{6BC245C1-2F83-4AA9-A845-FFB5678E07B5}.Debug|Any CPU.Build.0 = Debug|Any CPU
		{6BC245C1-2F83-4AA9-A845-FFB5678E07B5}.Release|Any CPU.ActiveCfg = Release|Any CPU
		{6BC245C1-2F83-4AA9-A845-FFB5678E07B5}.Release|Any CPU.Build.0 = Release|Any CPU
		{447385D5-08C4-415D-AB51-6253407DFDE1}.Debug|Any CPU.ActiveCfg = Debug|Any CPU
		{447385D5-08C4-415D-AB51-6253407DFDE1}.Debug|Any CPU.Build.0 = Debug|Any CPU
		{447385D5-08C4-415D-AB51-6253407DFDE1}.Release|Any CPU.ActiveCfg = Release|Any CPU
		{447385D5-08C4-415D-AB51-6253407DFDE1}.Release|Any CPU.Build.0 = Release|Any CPU
		{78F8D956-6D05-403E-B339-74764A4EA599}.Debug|Any CPU.ActiveCfg = Debug|Any CPU
		{78F8D956-6D05-403E-B339-74764A4EA599}.Debug|Any CPU.Build.0 = Debug|Any CPU
		{78F8D956-6D05-403E-B339-74764A4EA599}.Release|Any CPU.ActiveCfg = Release|Any CPU
		{78F8D956-6D05-403E-B339-74764A4EA599}.Release|Any CPU.Build.0 = Release|Any CPU
		{391F4084-BD8C-41FA-8C6A-0F3D7757BE31}.Debug|Any CPU.ActiveCfg = Debug|Any CPU
		{391F4084-BD8C-41FA-8C6A-0F3D7757BE31}.Debug|Any CPU.Build.0 = Debug|Any CPU
		{391F4084-BD8C-41FA-8C6A-0F3D7757BE31}.Release|Any CPU.ActiveCfg = Release|Any CPU
		{391F4084-BD8C-41FA-8C6A-0F3D7757BE31}.Release|Any CPU.Build.0 = Release|Any CPU
		{06CD8721-5620-4540-B737-0E620C4A2371}.Debug|Any CPU.ActiveCfg = Debug|Any CPU
		{06CD8721-5620-4540-B737-0E620C4A2371}.Debug|Any CPU.Build.0 = Debug|Any CPU
		{06CD8721-5620-4540-B737-0E620C4A2371}.Release|Any CPU.ActiveCfg = Release|Any CPU
		{06CD8721-5620-4540-B737-0E620C4A2371}.Release|Any CPU.Build.0 = Release|Any CPU
		{F2EACDA5-75C0-4020-BFF0-EDE6A0021577}.Debug|Any CPU.ActiveCfg = Debug|Any CPU
		{F2EACDA5-75C0-4020-BFF0-EDE6A0021577}.Debug|Any CPU.Build.0 = Debug|Any CPU
		{F2EACDA5-75C0-4020-BFF0-EDE6A0021577}.Release|Any CPU.ActiveCfg = Release|Any CPU
		{F2EACDA5-75C0-4020-BFF0-EDE6A0021577}.Release|Any CPU.Build.0 = Release|Any CPU
		{92082FBD-4A47-4221-BFA0-DB7ABD98B4D5}.Debug|Any CPU.ActiveCfg = Debug|Any CPU
		{92082FBD-4A47-4221-BFA0-DB7ABD98B4D5}.Debug|Any CPU.Build.0 = Debug|Any CPU
		{92082FBD-4A47-4221-BFA0-DB7ABD98B4D5}.Release|Any CPU.ActiveCfg = Release|Any CPU
		{92082FBD-4A47-4221-BFA0-DB7ABD98B4D5}.Release|Any CPU.Build.0 = Release|Any CPU
		{D26B9264-EB48-4F07-935A-7A2F51F3EA56}.Debug|Any CPU.ActiveCfg = Debug|Any CPU
		{D26B9264-EB48-4F07-935A-7A2F51F3EA56}.Debug|Any CPU.Build.0 = Debug|Any CPU
		{D26B9264-EB48-4F07-935A-7A2F51F3EA56}.Release|Any CPU.ActiveCfg = Release|Any CPU
		{D26B9264-EB48-4F07-935A-7A2F51F3EA56}.Release|Any CPU.Build.0 = Release|Any CPU
		{FEEC484E-2F58-4662-9ACA-4F2972FCE55B}.Debug|Any CPU.ActiveCfg = Debug|Any CPU
		{FEEC484E-2F58-4662-9ACA-4F2972FCE55B}.Debug|Any CPU.Build.0 = Debug|Any CPU
		{FEEC484E-2F58-4662-9ACA-4F2972FCE55B}.Release|Any CPU.ActiveCfg = Release|Any CPU
		{FEEC484E-2F58-4662-9ACA-4F2972FCE55B}.Release|Any CPU.Build.0 = Release|Any CPU
		{078EF613-68AC-453F-AD68-1C7BEFF8CAB3}.Debug|Any CPU.ActiveCfg = Debug|Any CPU
		{078EF613-68AC-453F-AD68-1C7BEFF8CAB3}.Debug|Any CPU.Build.0 = Debug|Any CPU
		{078EF613-68AC-453F-AD68-1C7BEFF8CAB3}.Release|Any CPU.ActiveCfg = Release|Any CPU
		{078EF613-68AC-453F-AD68-1C7BEFF8CAB3}.Release|Any CPU.Build.0 = Release|Any CPU
		{6E28F30C-D126-49E8-9384-D2F8987E30AA}.Debug|Any CPU.ActiveCfg = Debug|Any CPU
		{6E28F30C-D126-49E8-9384-D2F8987E30AA}.Debug|Any CPU.Build.0 = Debug|Any CPU
		{6E28F30C-D126-49E8-9384-D2F8987E30AA}.Release|Any CPU.ActiveCfg = Release|Any CPU
		{6E28F30C-D126-49E8-9384-D2F8987E30AA}.Release|Any CPU.Build.0 = Release|Any CPU
		{6DECB59E-FC1D-4950-835E-B5FB4171933D}.Debug|Any CPU.ActiveCfg = Debug|Any CPU
		{6DECB59E-FC1D-4950-835E-B5FB4171933D}.Debug|Any CPU.Build.0 = Debug|Any CPU
		{6DECB59E-FC1D-4950-835E-B5FB4171933D}.Release|Any CPU.ActiveCfg = Release|Any CPU
		{6DECB59E-FC1D-4950-835E-B5FB4171933D}.Release|Any CPU.Build.0 = Release|Any CPU
		{6C8B2BF7-75A2-4837-9E2A-2F4FD976BCE7}.Debug|Any CPU.ActiveCfg = Debug|Any CPU
		{6C8B2BF7-75A2-4837-9E2A-2F4FD976BCE7}.Debug|Any CPU.Build.0 = Debug|Any CPU
		{6C8B2BF7-75A2-4837-9E2A-2F4FD976BCE7}.Release|Any CPU.ActiveCfg = Release|Any CPU
		{6C8B2BF7-75A2-4837-9E2A-2F4FD976BCE7}.Release|Any CPU.Build.0 = Release|Any CPU
		{970585A4-0271-4E20-BE8E-6F803A40D9F5}.Debug|Any CPU.ActiveCfg = Debug|Any CPU
		{970585A4-0271-4E20-BE8E-6F803A40D9F5}.Debug|Any CPU.Build.0 = Debug|Any CPU
		{970585A4-0271-4E20-BE8E-6F803A40D9F5}.Release|Any CPU.ActiveCfg = Release|Any CPU
		{970585A4-0271-4E20-BE8E-6F803A40D9F5}.Release|Any CPU.Build.0 = Release|Any CPU
		{15C3F431-6DB9-468F-923B-B828E4856806}.Debug|Any CPU.ActiveCfg = Debug|Any CPU
		{15C3F431-6DB9-468F-923B-B828E4856806}.Debug|Any CPU.Build.0 = Debug|Any CPU
		{15C3F431-6DB9-468F-923B-B828E4856806}.Release|Any CPU.ActiveCfg = Release|Any CPU
		{15C3F431-6DB9-468F-923B-B828E4856806}.Release|Any CPU.Build.0 = Release|Any CPU
		{43E80708-7848-4FF8-B57C-0425C21C046B}.Debug|Any CPU.ActiveCfg = Debug|Any CPU
		{43E80708-7848-4FF8-B57C-0425C21C046B}.Debug|Any CPU.Build.0 = Debug|Any CPU
		{43E80708-7848-4FF8-B57C-0425C21C046B}.Release|Any CPU.ActiveCfg = Release|Any CPU
		{43E80708-7848-4FF8-B57C-0425C21C046B}.Release|Any CPU.Build.0 = Release|Any CPU
		{F6493B68-1078-4BE9-BA44-53A4ECDA856F}.Debug|Any CPU.ActiveCfg = Debug|Any CPU
		{F6493B68-1078-4BE9-BA44-53A4ECDA856F}.Debug|Any CPU.Build.0 = Debug|Any CPU
		{F6493B68-1078-4BE9-BA44-53A4ECDA856F}.Release|Any CPU.ActiveCfg = Release|Any CPU
		{F6493B68-1078-4BE9-BA44-53A4ECDA856F}.Release|Any CPU.Build.0 = Release|Any CPU
	EndGlobalSection
	GlobalSection(SolutionProperties) = preSolution
		HideSolutionNode = FALSE
	EndGlobalSection
	GlobalSection(NestedProjects) = preSolution
		{143631AF-7589-444F-84FA-BE2BA81765A6} = {52C472A5-DBA6-4A62-8EC2-EC6F94481E4B}
		{C8036571-5335-4853-8D03-3F2F1F26B34D} = {52C472A5-DBA6-4A62-8EC2-EC6F94481E4B}
		{826D2F8D-A557-4D25-B04C-2C8E37BFEE73} = {52C472A5-DBA6-4A62-8EC2-EC6F94481E4B}
		{5D84E7D5-D8F8-4919-B026-C333AA699EDF} = {52C472A5-DBA6-4A62-8EC2-EC6F94481E4B}
		{25297A87-4EC6-482A-974A-DAF06CDBE23E} = {52C472A5-DBA6-4A62-8EC2-EC6F94481E4B}
		{14283E88-0ECD-41A0-B5F3-3C931B2CA7B8} = {52C472A5-DBA6-4A62-8EC2-EC6F94481E4B}
		{C8C5A840-1305-4734-94F5-E4BDDF5AB312} = {52C472A5-DBA6-4A62-8EC2-EC6F94481E4B}
		{E01512AB-212E-4B6E-9DDB-1AAAC1F81CD3} = {143631AF-7589-444F-84FA-BE2BA81765A6}
		{A03C7D96-E16F-4115-BC97-550C264ACB45} = {143631AF-7589-444F-84FA-BE2BA81765A6}
		{A6E38944-50A1-4EE5-85F4-39668D631915} = {143631AF-7589-444F-84FA-BE2BA81765A6}
		{C6146264-3930-4486-86F5-0FD94F942959} = {143631AF-7589-444F-84FA-BE2BA81765A6}
		{62E6C64F-C0BF-4B6D-8834-036D3AC4BC5D} = {C8C5A840-1305-4734-94F5-E4BDDF5AB312}
		{E9629465-2245-4EBB-B6BF-3CA2A4D6B872} = {C8C5A840-1305-4734-94F5-E4BDDF5AB312}
		{CE36FC6A-706F-4BD3-ABAE-FA1B9BE5A833} = {5D84E7D5-D8F8-4919-B026-C333AA699EDF}
		{5A474E8C-E895-4A29-A167-CFFA9B0B444B} = {5D84E7D5-D8F8-4919-B026-C333AA699EDF}
		{CCEFB8BB-16C4-4120-B19F-3DDA98E3796B} = {5D84E7D5-D8F8-4919-B026-C333AA699EDF}
		{6BC245C1-2F83-4AA9-A845-FFB5678E07B5} = {5D84E7D5-D8F8-4919-B026-C333AA699EDF}
		{447385D5-08C4-415D-AB51-6253407DFDE1} = {25297A87-4EC6-482A-974A-DAF06CDBE23E}
		{78F8D956-6D05-403E-B339-74764A4EA599} = {C8036571-5335-4853-8D03-3F2F1F26B34D}
		{391F4084-BD8C-41FA-8C6A-0F3D7757BE31} = {14283E88-0ECD-41A0-B5F3-3C931B2CA7B8}
		{06CD8721-5620-4540-B737-0E620C4A2371} = {826D2F8D-A557-4D25-B04C-2C8E37BFEE73}
		{F2EACDA5-75C0-4020-BFF0-EDE6A0021577} = {C8036571-5335-4853-8D03-3F2F1F26B34D}
		{92082FBD-4A47-4221-BFA0-DB7ABD98B4D5} = {C8036571-5335-4853-8D03-3F2F1F26B34D}
		{D26B9264-EB48-4F07-935A-7A2F51F3EA56} = {C8036571-5335-4853-8D03-3F2F1F26B34D}
		{FEEC484E-2F58-4662-9ACA-4F2972FCE55B} = {25297A87-4EC6-482A-974A-DAF06CDBE23E}
		{078EF613-68AC-453F-AD68-1C7BEFF8CAB3} = {25297A87-4EC6-482A-974A-DAF06CDBE23E}
		{6E28F30C-D126-49E8-9384-D2F8987E30AA} = {25297A87-4EC6-482A-974A-DAF06CDBE23E}
		{6DECB59E-FC1D-4950-835E-B5FB4171933D} = {14283E88-0ECD-41A0-B5F3-3C931B2CA7B8}
		{6C8B2BF7-75A2-4837-9E2A-2F4FD976BCE7} = {14283E88-0ECD-41A0-B5F3-3C931B2CA7B8}
		{970585A4-0271-4E20-BE8E-6F803A40D9F5} = {14283E88-0ECD-41A0-B5F3-3C931B2CA7B8}
		{15C3F431-6DB9-468F-923B-B828E4856806} = {826D2F8D-A557-4D25-B04C-2C8E37BFEE73}
		{43E80708-7848-4FF8-B57C-0425C21C046B} = {826D2F8D-A557-4D25-B04C-2C8E37BFEE73}
		{F6493B68-1078-4BE9-BA44-53A4ECDA856F} = {826D2F8D-A557-4D25-B04C-2C8E37BFEE73}
	EndGlobalSection
	GlobalSection(ExtensibilityGlobals) = postSolution
		SolutionGuid = {0B0832FA-CE4F-46AD-ADAA-93B879E4FEF7}
	EndGlobalSection
EndGlobal
